
Microsoft Visual Studio Solution File, Format Version 12.00
# Visual Studio Version 17
VisualStudioVersion = 17.13.35825.156
MinimumVisualStudioVersion = 10.0.40219.1
Project("{FAE04EC0-301F-11D3-BF4B-00C04F79EFBC}") = "Order.API", "Order.API\Order.API.csproj", "{C4839040-F7CC-40AA-908C-15D104EA4B67}"
EndProject
Project("{54A90642-561A-4BB1-A94E-469ADEE60C69}") = "orderreact", "orderReact\orderreact.esproj", "{2D039D7B-A05B-4577-894F-6F3C7DA6E097}"
EndProject
Global
	GlobalSection(SolutionConfigurationPlatforms) = preSolution
		Debug|Any CPU = Debug|Any CPU
		Release|Any CPU = Release|Any CPU
	EndGlobalSection
	GlobalSection(ProjectConfigurationPlatforms) = postSolution
		{C4839040-F7CC-40AA-908C-15D104EA4B67}.Debug|Any CPU.ActiveCfg = Debug|Any CPU
		{C4839040-F7CC-40AA-908C-15D104EA4B67}.Debug|Any CPU.Build.0 = Debug|Any CPU
		{C4839040-F7CC-40AA-908C-15D104EA4B67}.Release|Any CPU.ActiveCfg = Release|Any CPU
		{C4839040-F7CC-40AA-908C-15D104EA4B67}.Release|Any CPU.Build.0 = Release|Any CPU
		{2D039D7B-A05B-4577-894F-6F3C7DA6E097}.Debug|Any CPU.ActiveCfg = Debug|Any CPU
		{2D039D7B-A05B-4577-894F-6F3C7DA6E097}.Debug|Any CPU.Build.0 = Debug|Any CPU
		{2D039D7B-A05B-4577-894F-6F3C7DA6E097}.Debug|Any CPU.Deploy.0 = Debug|Any CPU
		{2D039D7B-A05B-4577-894F-6F3C7DA6E097}.Release|Any CPU.ActiveCfg = Release|Any CPU
		{2D039D7B-A05B-4577-894F-6F3C7DA6E097}.Release|Any CPU.Build.0 = Release|Any CPU
		{2D039D7B-A05B-4577-894F-6F3C7DA6E097}.Release|Any CPU.Deploy.0 = Release|Any CPU
	EndGlobalSection
	GlobalSection(SolutionProperties) = preSolution
		HideSolutionNode = FALSE
	EndGlobalSection
	GlobalSection(ExtensibilityGlobals) = postSolution
		SolutionGuid = {60A268DA-3B35-4729-AA2D-7D7CE7ED6A12}
	EndGlobalSection
EndGlobal
